# This file is generated by running "yarn install" inside your project.
# Manual changes might be lost - proceed with caution!

__metadata:
  version: 4

"prettier@npm:^1.19.1":
  version: 1.19.1
  resolution: "prettier@npm:1.19.1"
  bin:
    prettier: ./bin-prettier.js
  checksum: 0b8665fa22259378feaf46a54a559a09bd2c367e6391015af5068e88c6fb8d96e20afc56a6a6b2bac2eb0ad1ad26302ea634377e6397eca09301f64b01f3021a
  languageName: node
  linkType: hard

"v2@workspace:.":
  version: 0.0.0-use.local
  resolution: "v2@workspace:."
  dependencies:
    prettier: ^1.19.1
  languageName: unknown
  linkType: soft
